
Microsoft Visual Studio Solution File, Format Version 12.00
Project("{2150E333-8FDC-42A3-9474-1A3956D46DE8}") = "src", "src", "{BCBDDA14-0C26-46DF-AB11-5F321DD7D1A7}"
EndProject
Project("{2150E333-8FDC-42A3-9474-1A3956D46DE8}") = "tests", "tests", "{9249EE6E-D8EC-4F2B-8AC8-EBEF97BDBDD6}"
EndProject
Project("{2150E333-8FDC-42A3-9474-1A3956D46DE8}") = "API", "API", "{651455E4-6998-4AD7-9EBA-4F7FB7672646}"
EndProject
Project("{2150E333-8FDC-42A3-9474-1A3956D46DE8}") = "Core", "Core", "{3F50CD74-3E9F-463B-B1AB-4E3DCF511D71}"
EndProject
Project("{2150E333-8FDC-42A3-9474-1A3956D46DE8}") = "Infrastructure", "Infrastructure", "{E41B7957-C780-4E8F-84F6-E04B361B17C9}"
EndProject
Project("{2150E333-8FDC-42A3-9474-1A3956D46DE8}") = "UI", "UI", "{971737D3-DD71-44CC-9686-7D5451D1979B}"
EndProject
Project("{FAE04EC0-301F-11D3-BF4B-00C04F79EFBC}") = "HR.LeaveManagement.Domain", "src\Core\HR.LeaveManagement.Domain\HR.LeaveManagement.Domain.csproj", "{7A7ED6C3-F51F-4E7F-AF35-9B905480B450}"
EndProject
Project("{FAE04EC0-301F-11D3-BF4B-00C04F79EFBC}") = "HR.LeaveManagement.Application", "src\Core\HR.LeaveManagement.Application\HR.LeaveManagement.Application.csproj", "{C0C1071F-DECE-4B4F-89DF-A52340243B45}"
EndProject
Project("{FAE04EC0-301F-11D3-BF4B-00C04F79EFBC}") = "HR.LeaveManagement.Persistence", "src\Infrastructure\HR.LeaveManagement.Persistence\HR.LeaveManagement.Persistence.csproj", "{C8157D7F-DAF6-4AAA-8E68-9F582684AAAB}"
EndProject
Project("{FAE04EC0-301F-11D3-BF4B-00C04F79EFBC}") = "HR.LeaveManagement.Infrastructure", "src\Infrastructure\HR.LeaveManagement.Infrastructure\HR.LeaveManagement.Infrastructure.csproj", "{9B539C37-462A-4DA1-BEE5-634908FE1E04}"
EndProject
Project("{FAE04EC0-301F-11D3-BF4B-00C04F79EFBC}") = "HR.LeaveManagement.API", "src\API\HR.LeaveManagement.API\HR.LeaveManagement.API.csproj", "{FF50CF8C-C1DE-4C4D-9EFD-3775934139CF}"
EndProject
Global
	GlobalSection(SolutionConfigurationPlatforms) = preSolution
		Debug|Any CPU = Debug|Any CPU
		Release|Any CPU = Release|Any CPU
	EndGlobalSection
	GlobalSection(NestedProjects) = preSolution
		{651455E4-6998-4AD7-9EBA-4F7FB7672646} = {BCBDDA14-0C26-46DF-AB11-5F321DD7D1A7}
		{3F50CD74-3E9F-463B-B1AB-4E3DCF511D71} = {BCBDDA14-0C26-46DF-AB11-5F321DD7D1A7}
		{E41B7957-C780-4E8F-84F6-E04B361B17C9} = {BCBDDA14-0C26-46DF-AB11-5F321DD7D1A7}
		{971737D3-DD71-44CC-9686-7D5451D1979B} = {BCBDDA14-0C26-46DF-AB11-5F321DD7D1A7}
		{7A7ED6C3-F51F-4E7F-AF35-9B905480B450} = {3F50CD74-3E9F-463B-B1AB-4E3DCF511D71}
		{C0C1071F-DECE-4B4F-89DF-A52340243B45} = {3F50CD74-3E9F-463B-B1AB-4E3DCF511D71}
		{C8157D7F-DAF6-4AAA-8E68-9F582684AAAB} = {E41B7957-C780-4E8F-84F6-E04B361B17C9}
		{9B539C37-462A-4DA1-BEE5-634908FE1E04} = {E41B7957-C780-4E8F-84F6-E04B361B17C9}
		{FF50CF8C-C1DE-4C4D-9EFD-3775934139CF} = {651455E4-6998-4AD7-9EBA-4F7FB7672646}
	EndGlobalSection
	GlobalSection(ProjectConfigurationPlatforms) = postSolution
		{7A7ED6C3-F51F-4E7F-AF35-9B905480B450}.Debug|Any CPU.ActiveCfg = Debug|Any CPU
		{7A7ED6C3-F51F-4E7F-AF35-9B905480B450}.Debug|Any CPU.Build.0 = Debug|Any CPU
		{7A7ED6C3-F51F-4E7F-AF35-9B905480B450}.Release|Any CPU.ActiveCfg = Release|Any CPU
		{7A7ED6C3-F51F-4E7F-AF35-9B905480B450}.Release|Any CPU.Build.0 = Release|Any CPU
		{C0C1071F-DECE-4B4F-89DF-A52340243B45}.Debug|Any CPU.ActiveCfg = Debug|Any CPU
		{C0C1071F-DECE-4B4F-89DF-A52340243B45}.Debug|Any CPU.Build.0 = Debug|Any CPU
		{C0C1071F-DECE-4B4F-89DF-A52340243B45}.Release|Any CPU.ActiveCfg = Release|Any CPU
		{C0C1071F-DECE-4B4F-89DF-A52340243B45}.Release|Any CPU.Build.0 = Release|Any CPU
		{C8157D7F-DAF6-4AAA-8E68-9F582684AAAB}.Debug|Any CPU.ActiveCfg = Debug|Any CPU
		{C8157D7F-DAF6-4AAA-8E68-9F582684AAAB}.Debug|Any CPU.Build.0 = Debug|Any CPU
		{C8157D7F-DAF6-4AAA-8E68-9F582684AAAB}.Release|Any CPU.ActiveCfg = Release|Any CPU
		{C8157D7F-DAF6-4AAA-8E68-9F582684AAAB}.Release|Any CPU.Build.0 = Release|Any CPU
		{9B539C37-462A-4DA1-BEE5-634908FE1E04}.Debug|Any CPU.ActiveCfg = Debug|Any CPU
		{9B539C37-462A-4DA1-BEE5-634908FE1E04}.Debug|Any CPU.Build.0 = Debug|Any CPU
		{9B539C37-462A-4DA1-BEE5-634908FE1E04}.Release|Any CPU.ActiveCfg = Release|Any CPU
		{9B539C37-462A-4DA1-BEE5-634908FE1E04}.Release|Any CPU.Build.0 = Release|Any CPU
		{FF50CF8C-C1DE-4C4D-9EFD-3775934139CF}.Debug|Any CPU.ActiveCfg = Debug|Any CPU
		{FF50CF8C-C1DE-4C4D-9EFD-3775934139CF}.Debug|Any CPU.Build.0 = Debug|Any CPU
		{FF50CF8C-C1DE-4C4D-9EFD-3775934139CF}.Release|Any CPU.ActiveCfg = Release|Any CPU
		{FF50CF8C-C1DE-4C4D-9EFD-3775934139CF}.Release|Any CPU.Build.0 = Release|Any CPU
	EndGlobalSection
EndGlobal
